{
  "name": "netlify-functions",
  "version": "1.0.0",
  "lockfileVersion": 2,
  "requires": true,
  "packages": {
    "": {
      "name": "netlify-functions",
      "version": "1.0.0",
      "license": "MIT",
      "dependencies": {
        "@azure/cosmos": "^5.5.0",
        "uuid": "^9.0.0",
        "querystring": "^0.2.0"
      }
    }
  },
  "dependencies": {
    "@azure/cosmos": {
      "version": "4.5.0",
      "resolved": "https://registry.npmjs.org/@azure/cosmos/-/cosmos-4.5.0.tgz",
      "integrity": "sha512-DUMMY_INTEGRITY_HASH"
    },
    "uuid": {
      "version": "9.0.0",
      "resolved": "https://registry.npmjs.org/uuid/-/uuid-9.0.0.tgz",
      "integrity": "sha512-DUMMY_INTEGRITY_HASH"
    },
    "querystring": {
      "version": "0.2.0",
      "resolved": "https://registry.npmjs.org/querystring/-/querystring-0.2.0.tgz",
      "integrity": "sha512-DUMMY_INTEGRITY_HASH"
    }
  }
}
